
Microsoft Visual Studio Solution File, Format Version 12.00
# Visual Studio Version 17
VisualStudioVersion = 17.4.33205.214
MinimumVisualStudioVersion = 10.0.40219.1
Project("{9A19103F-16F7-4668-BE54-9A1E7A4F7556}") = "QQChannelSharp", "QQChannelSharp\QQChannelSharp.csproj", "{3DB015F7-A4AA-4DB5-98EB-A0636AFC5E3C}"
EndProject
Project("{9A19103F-16F7-4668-BE54-9A1E7A4F7556}") = "QQChannelSharp.Example", "QQChannelSharp.Example\QQChannelSharp.Example.csproj", "{8A02BC84-5189-4002-BC3D-99475C5B86BB}"
EndProject
Project("{FAE04EC0-301F-11D3-BF4B-00C04F79EFBC}") = "QQChannelSharp.Tests", "QQChannelSharp.Tests\QQChannelSharp.Tests.csproj", "{6C71E50C-0745-40DB-A135-897E4B5A4973}"
EndProject
Global
	GlobalSection(SolutionConfigurationPlatforms) = preSolution
		Debug|Any CPU = Debug|Any CPU
		Release|Any CPU = Release|Any CPU
	EndGlobalSection
	GlobalSection(ProjectConfigurationPlatforms) = postSolution
		{3DB015F7-A4AA-4DB5-98EB-A0636AFC5E3C}.Debug|Any CPU.ActiveCfg = Debug|Any CPU
		{3DB015F7-A4AA-4DB5-98EB-A0636AFC5E3C}.Debug|Any CPU.Build.0 = Debug|Any CPU
		{3DB015F7-A4AA-4DB5-98EB-A0636AFC5E3C}.Release|Any CPU.ActiveCfg = Release|Any CPU
		{3DB015F7-A4AA-4DB5-98EB-A0636AFC5E3C}.Release|Any CPU.Build.0 = Release|Any CPU
		{8A02BC84-5189-4002-BC3D-99475C5B86BB}.Debug|Any CPU.ActiveCfg = Debug|Any CPU
		{8A02BC84-5189-4002-BC3D-99475C5B86BB}.Debug|Any CPU.Build.0 = Debug|Any CPU
		{8A02BC84-5189-4002-BC3D-99475C5B86BB}.Release|Any CPU.ActiveCfg = Release|Any CPU
		{8A02BC84-5189-4002-BC3D-99475C5B86BB}.Release|Any CPU.Build.0 = Release|Any CPU
		{6C71E50C-0745-40DB-A135-897E4B5A4973}.Debug|Any CPU.ActiveCfg = Debug|Any CPU
		{6C71E50C-0745-40DB-A135-897E4B5A4973}.Debug|Any CPU.Build.0 = Debug|Any CPU
		{6C71E50C-0745-40DB-A135-897E4B5A4973}.Release|Any CPU.ActiveCfg = Release|Any CPU
		{6C71E50C-0745-40DB-A135-897E4B5A4973}.Release|Any CPU.Build.0 = Release|Any CPU
	EndGlobalSection
	GlobalSection(SolutionProperties) = preSolution
		HideSolutionNode = FALSE
	EndGlobalSection
	GlobalSection(ExtensibilityGlobals) = postSolution
		SolutionGuid = {EAA6D522-D733-4C69-BE39-7F97CB4E2F29}
	EndGlobalSection
EndGlobal
